Microsoft Visual Studio Solution File, Format Version 12.00
# Visual Studio Version 17
VisualStudioVersion = 17.5.2.0
MinimumVisualStudioVersion = 10.0.40219.1
Project("{FAE04EC0-301F-11D3-BF4B-00C04F79EFBC}") = "GoDotPulse", "GoDotPulse.csproj", "{298A3F78-3E80-972C-84BC-C6E3719483AE}"
EndProject
Project("{FAE04EC0-301F-11D3-BF4B-00C04F79EFBC}") = "GoDotPulse.Tests", "GoDotPulse.Tests\GoDotPulse.Tests.csproj", "{A1B2C3D4-E5F6-7890-ABCD-EF1234567890}"
EndProject
Global
	GlobalSection(SolutionConfigurationPlatforms) = preSolution
		Debug|Any CPU = Debug|Any CPU
		Release|Any CPU = Release|Any CPU
	EndGlobalSection
	GlobalSection(ProjectConfigurationPlatforms) = postSolution
		{298A3F78-3E80-972C-84BC-C6E3719483AE}.Debug|Any CPU.ActiveCfg = Debug|Any CPU
		{298A3F78-3E80-972C-84BC-C6E3719483AE}.Debug|Any CPU.Build.0 = Debug|Any CPU
		{298A3F78-3E80-972C-84BC-C6E3719483AE}.Release|Any CPU.ActiveCfg = Release|Any CPU
		{298A3F78-3E80-972C-84BC-C6E3719483AE}.Release|Any CPU.Build.0 = Release|Any CPU
		{A1B2C3D4-E5F6-7890-ABCD-EF1234567890}.Debug|Any CPU.ActiveCfg = Debug|Any CPU
		{A1B2C3D4-E5F6-7890-ABCD-EF1234567890}.Debug|Any CPU.Build.0 = Debug|Any CPU
		{A1B2C3D4-E5F6-7890-ABCD-EF1234567890}.Release|Any CPU.ActiveCfg = Release|Any CPU
		{A1B2C3D4-E5F6-7890-ABCD-EF1234567890}.Release|Any CPU.Build.0 = Release|Any CPU
	EndGlobalSection
	GlobalSection(SolutionProperties) = preSolution
		HideSolutionNode = FALSE
	EndGlobalSection
	GlobalSection(ExtensibilityGlobals) = postSolution
		SolutionGuid = {C5E4246E-ED82-4A09-BCEE-3C24D46198A6}
	EndGlobalSection
EndGlobal
